{
  "version": 4,
  "terraform_version": "1.9.5",
  "serial": 16,
  "lineage": "3cf27158-5120-4e7f-4651-477bf8bdb6a6",
  "outputs": {
    "module_data_1": {
      "value": "Your file is created.",
      "type": "string"
    },
    "module_data_2": {
      "value": "Created file name is manawadu.txt and it is ready to check.",
      "type": "string"
    }
  },
  "resources": [
    {
      "mode": "managed",
      "type": "local_file",
      "name": "test-file",
      "provider": "provider[\"registry.terraform.io/hashicorp/local\"]",
      "instances": [
        {
          "schema_version": 0,
          "attributes": {
            "content": "This is my file",
            "content_base64": null,
            "content_base64sha256": "MPRyW4v0raBXq0yxoT9IxdW+uJGggNmJudYxBN+8WP0=",
            "content_base64sha512": "Ahq2Pe3zxXzQTd7XUGjBj9KRBTrMDk5B86iEBJ4r0EAuzvKVJzxoEaOy/ZsXey4NbrlYFNEmssIoZIBAozA+Wg==",
            "content_md5": "6ba8353c0326d7199a440dc298074331",
            "content_sha1": "78f16af1ac18de8917b46bcf560f68b8b21b87d0",
            "content_sha256": "30f4725b8bf4ada057ab4cb1a13f48c5d5beb891a080d989b9d63104dfbc58fd",
            "content_sha512": "021ab63dedf3c57cd04dded75068c18fd291053acc0e4e41f3a884049e2bd0402ecef295273c6811a3b2fd9b177b2e0d6eb95814d126b2c228648040a3303e5a",
            "directory_permission": "0777",
            "file_permission": "0777",
            "filename": "rashmi.txt",
            "id": "78f16af1ac18de8917b46bcf560f68b8b21b87d0",
            "sensitive_content": null,
            "source": null
          },
          "sensitive_attributes": [
            [
              {
                "type": "get_attr",
                "value": "sensitive_content"
              }
            ]
          ]
        }
      ]
    },
    {
      "module": "module.our_file",
      "mode": "managed",
      "type": "local_file",
      "name": "from_module",
      "provider": "provider[\"registry.terraform.io/hashicorp/local\"]",
      "instances": [
        {
          "schema_version": 0,
          "attributes": {
            "content": "Dilshani Dias Lakshika",
            "content_base64": null,
            "content_base64sha256": "VEDV1cHTux3Xyhs11t+FqhVSr6vNSwofbgVy6lpqI0E=",
            "content_base64sha512": "lkEeLW6XfyVMFmMLezYx5+Fj93GstwAxuqUHo6QH7LMcagjeHe/MGofLbD4bmcPSNEKMDbSKeOP9kGx+fMF0dg==",
            "content_md5": "4338aafa8d83f296e58ebed83488730a",
            "content_sha1": "6b5ecca3201a0deac98fba2f96e9c9f6667122bb",
            "content_sha256": "5440d5d5c1d3bb1dd7ca1b35d6df85aa1552afabcd4b0a1f6e0572ea5a6a2341",
            "content_sha512": "96411e2d6e977f254c16630b7b3631e7e163f771acb70031baa507a3a407ecb31c6a08de1defcc1a87cb6c3e1b99c3d234428c0db48a78e3fd906c7e7cc17476",
            "directory_permission": "0777",
            "file_permission": "0777",
            "filename": "manawadu.txt",
            "id": "6b5ecca3201a0deac98fba2f96e9c9f6667122bb",
            "sensitive_content": null,
            "source": null
          },
          "sensitive_attributes": [
            [
              {
                "type": "get_attr",
                "value": "sensitive_content"
              }
            ]
          ]
        }
      ]
    }
  ],
  "check_results": null
}
