{
  "version": 4,
  "terraform_version": "1.9.5",
  "serial": 9,
  "lineage": "e34604e5-7205-3097-d5eb-b22ede374851",
  "outputs": {
    "module_data_1": {
      "value": "Your file is created.",
      "type": "string"
    },
    "module_data_2": {
      "value": "Created file name is yes and it is ready to check.",
      "type": "string"
    },
    "module_data_3": {
      "value": "The file data: yes",
      "type": "string"
    }
  },
  "resources": [
    {
      "mode": "managed",
      "type": "local_file",
      "name": "test-file",
      "provider": "provider[\"registry.terraform.io/hashicorp/local\"]",
      "instances": [
        {
          "schema_version": 0,
          "attributes": {
            "content": "This is my file",
            "content_base64": null,
            "content_base64sha256": "MPRyW4v0raBXq0yxoT9IxdW+uJGggNmJudYxBN+8WP0=",
            "content_base64sha512": "Ahq2Pe3zxXzQTd7XUGjBj9KRBTrMDk5B86iEBJ4r0EAuzvKVJzxoEaOy/ZsXey4NbrlYFNEmssIoZIBAozA+Wg==",
            "content_md5": "6ba8353c0326d7199a440dc298074331",
            "content_sha1": "78f16af1ac18de8917b46bcf560f68b8b21b87d0",
            "content_sha256": "30f4725b8bf4ada057ab4cb1a13f48c5d5beb891a080d989b9d63104dfbc58fd",
            "content_sha512": "021ab63dedf3c57cd04dded75068c18fd291053acc0e4e41f3a884049e2bd0402ecef295273c6811a3b2fd9b177b2e0d6eb95814d126b2c228648040a3303e5a",
            "directory_permission": "0777",
            "file_permission": "0777",
            "filename": "rashmi.txt",
            "id": "78f16af1ac18de8917b46bcf560f68b8b21b87d0",
            "sensitive_content": null,
            "source": null
          },
          "sensitive_attributes": [
            [
              {
                "type": "get_attr",
                "value": "sensitive_content"
              }
            ]
          ]
        }
      ]
    },
    {
      "module": "module.our_file",
      "mode": "managed",
      "type": "local_file",
      "name": "from_module",
      "provider": "provider[\"registry.terraform.io/hashicorp/local\"]",
      "instances": [
        {
          "schema_version": 0,
          "attributes": {
            "content": "yes",
            "content_base64": null,
            "content_base64sha256": "inmIkP6TgXFjsQtfe9LKTSXYTFJzmmRaiJwXPu59nT0=",
            "content_base64sha512": "gekvXZBoTbZjg0SGnILnhLUnC1E4EQgL26kFggvhsDMb6PtzKeTHpvl4RsGyEVcgQqDFv8fUh6dMqwIhwZaFxQ==",
            "content_md5": "a6105c0a611b41b08f1209506350279e",
            "content_sha1": "fb360f9c09ac8c5edb2f18be5de4e80ea4c430d0",
            "content_sha256": "8a798890fe93817163b10b5f7bd2ca4d25d84c52739a645a889c173eee7d9d3d",
            "content_sha512": "81e92f5d90684db6638344869c82e784b5270b513811080bdba905820be1b0331be8fb7329e4c7a6f97846c1b211572042a0c5bfc7d487a74cab0221c19685c5",
            "directory_permission": "0777",
            "file_permission": "0777",
            "filename": "yes",
            "id": "fb360f9c09ac8c5edb2f18be5de4e80ea4c430d0",
            "sensitive_content": null,
            "source": null
          },
          "sensitive_attributes": [
            [
              {
                "type": "get_attr",
                "value": "sensitive_content"
              }
            ]
          ]
        }
      ]
    }
  ],
  "check_results": null
}
